// !$*UTF8*$!
{
	archiveVersion = 1;
	classes = {
	};
	objectVersion = 51;
	objects = {

/* Begin PBXBuildFile section */
		161DD8C9C0291F8EBA0BACBE /* Pods_Test.framework in Frameworks */ = {isa = PBXBuildFile; fileRef = 74F4C860A4377544DC15FD94 /* Pods_Test.framework */; };
		EF4D1C5824EA71800029B102 /* AppDelegate.swift in Sources */ = {isa = PBXBuildFile; fileRef = EF4D1C5724EA71800029B102 /* AppDelegate.swift */; };
		EF4D1C5F24EA71800029B102 /* Main.storyboard in Resources */ = {isa = PBXBuildFile; fileRef = EF4D1C5D24EA71800029B102 /* Main.storyboard */; };
		EF4D1C6224EA71800029B102 /* Test.xcdatamodeld in Sources */ = {isa = PBXBuildFile; fileRef = EF4D1C6024EA71800029B102 /* Test.xcdatamodeld */; };
		EF4D1C6424EA71850029B102 /* Assets.xcassets in Resources */ = {isa = PBXBuildFile; fileRef = EF4D1C6324EA71850029B102 /* Assets.xcassets */; };
		EF4D1C6724EA71850029B102 /* LaunchScreen.storyboard in Resources */ = {isa = PBXBuildFile; fileRef = EF4D1C6524EA71850029B102 /* LaunchScreen.storyboard */; };
		EF4D1C7024EA72B20029B102 /* cities.json in Resources */ = {isa = PBXBuildFile; fileRef = EF4D1C6F24EA72B20029B102 /* cities.json */; };
		EF4D1C7824EA74A10029B102 /* ListPresenter.swift in Sources */ = {isa = PBXBuildFile; fileRef = EF4D1C7224EA74A10029B102 /* ListPresenter.swift */; };
		EF4D1C7924EA74A10029B102 /* ListWorker.swift in Sources */ = {isa = PBXBuildFile; fileRef = EF4D1C7324EA74A10029B102 /* ListWorker.swift */; };
		EF4D1C7A24EA74A10029B102 /* ListRouter.swift in Sources */ = {isa = PBXBuildFile; fileRef = EF4D1C7424EA74A10029B102 /* ListRouter.swift */; };
		EF4D1C7B24EA74A10029B102 /* ListModels.swift in Sources */ = {isa = PBXBuildFile; fileRef = EF4D1C7524EA74A10029B102 /* ListModels.swift */; };
		EF4D1C7C24EA74A10029B102 /* ListViewController.swift in Sources */ = {isa = PBXBuildFile; fileRef = EF4D1C7624EA74A10029B102 /* ListViewController.swift */; };
		EF4D1C7D24EA74A10029B102 /* ListInteractor.swift in Sources */ = {isa = PBXBuildFile; fileRef = EF4D1C7724EA74A10029B102 /* ListInteractor.swift */; };
		EF4D1C8624EA74C20029B102 /* DetailPresenter.swift in Sources */ = {isa = PBXBuildFile; fileRef = EF4D1C8024EA74C20029B102 /* DetailPresenter.swift */; };
		EF4D1C8824EA74C20029B102 /* DetailRouter.swift in Sources */ = {isa = PBXBuildFile; fileRef = EF4D1C8224EA74C20029B102 /* DetailRouter.swift */; };
		EF4D1C8924EA74C20029B102 /* DetailModels.swift in Sources */ = {isa = PBXBuildFile; fileRef = EF4D1C8324EA74C20029B102 /* DetailModels.swift */; };
		EF4D1C8A24EA74C20029B102 /* DetailViewController.swift in Sources */ = {isa = PBXBuildFile; fileRef = EF4D1C8424EA74C20029B102 /* DetailViewController.swift */; };
		EF4D1C8B24EA74C20029B102 /* DetailInteractor.swift in Sources */ = {isa = PBXBuildFile; fileRef = EF4D1C8524EA74C20029B102 /* DetailInteractor.swift */; };
		EF4D1C8E24EA761E0029B102 /* MainViewController.swift in Sources */ = {isa = PBXBuildFile; fileRef = EF4D1C8D24EA761E0029B102 /* MainViewController.swift */; };
		EF4D1C9524EA79650029B102 /* ListTableViewCell.swift in Sources */ = {isa = PBXBuildFile; fileRef = EF4D1C9424EA79650029B102 /* ListTableViewCell.swift */; };
		EF4D1C9724EA79B70029B102 /* CityModel.swift in Sources */ = {isa = PBXBuildFile; fileRef = EF4D1C9624EA79B70029B102 /* CityModel.swift */; };
		EF4D1C9B24EA81140029B102 /* UITableView.swift in Sources */ = {isa = PBXBuildFile; fileRef = EF4D1C9924EA81130029B102 /* UITableView.swift */; };
		EF4D1C9E24EA81520029B102 /* Reusable.swift in Sources */ = {isa = PBXBuildFile; fileRef = EF4D1C9D24EA81520029B102 /* Reusable.swift */; };
		EF4D1CA024EA81D30029B102 /* UIView.swift in Sources */ = {isa = PBXBuildFile; fileRef = EF4D1C9F24EA81D30029B102 /* UIView.swift */; };
		EF52A7BD24EB2A7200D331E6 /* CoreDataWorker.swift in Sources */ = {isa = PBXBuildFile; fileRef = EF52A7BC24EB2A7200D331E6 /* CoreDataWorker.swift */; };
		EF52A7BF24EB2D5100D331E6 /* JSONExtension.swift in Sources */ = {isa = PBXBuildFile; fileRef = EF52A7BE24EB2D5100D331E6 /* JSONExtension.swift */; };
/* End PBXBuildFile section */

/* Begin PBXFileReference section */
		20DB6E916DBE16B8D4F904AF /* Pods-Test.release.xcconfig */ = {isa = PBXFileReference; includeInIndex = 1; lastKnownFileType = text.xcconfig; name = "Pods-Test.release.xcconfig"; path = "Target Support Files/Pods-Test/Pods-Test.release.xcconfig"; sourceTree = "<group>"; };
		3374AE093CA82FEDEDB5A130 /* Pods-Test.debug.xcconfig */ = {isa = PBXFileReference; includeInIndex = 1; lastKnownFileType = text.xcconfig; name = "Pods-Test.debug.xcconfig"; path = "Target Support Files/Pods-Test/Pods-Test.debug.xcconfig"; sourceTree = "<group>"; };
		74F4C860A4377544DC15FD94 /* Pods_Test.framework */ = {isa = PBXFileReference; explicitFileType = wrapper.framework; includeInIndex = 0; path = Pods_Test.framework; sourceTree = BUILT_PRODUCTS_DIR; };
		EF4D1C5424EA71800029B102 /* Test.app */ = {isa = PBXFileReference; explicitFileType = wrapper.application; includeInIndex = 0; path = Test.app; sourceTree = BUILT_PRODUCTS_DIR; };
		EF4D1C5724EA71800029B102 /* AppDelegate.swift */ = {isa = PBXFileReference; lastKnownFileType = sourcecode.swift; path = AppDelegate.swift; sourceTree = "<group>"; };
		EF4D1C5E24EA71800029B102 /* Base */ = {isa = PBXFileReference; lastKnownFileType = file.storyboard; name = Base; path = Base.lproj/Main.storyboard; sourceTree = "<group>"; };
		EF4D1C6124EA71800029B102 /* Test.xcdatamodel */ = {isa = PBXFileReference; lastKnownFileType = wrapper.xcdatamodel; path = Test.xcdatamodel; sourceTree = "<group>"; };
		EF4D1C6324EA71850029B102 /* Assets.xcassets */ = {isa = PBXFileReference; lastKnownFileType = folder.assetcatalog; path = Assets.xcassets; sourceTree = "<group>"; };
		EF4D1C6624EA71850029B102 /* Base */ = {isa = PBXFileReference; lastKnownFileType = file.storyboard; name = Base; path = Base.lproj/LaunchScreen.storyboard; sourceTree = "<group>"; };
		EF4D1C6824EA71850029B102 /* Info.plist */ = {isa = PBXFileReference; lastKnownFileType = text.plist.xml; path = Info.plist; sourceTree = "<group>"; };
		EF4D1C6F24EA72B20029B102 /* cities.json */ = {isa = PBXFileReference; fileEncoding = 4; lastKnownFileType = text.json; path = cities.json; sourceTree = "<group>"; };
		EF4D1C7224EA74A10029B102 /* ListPresenter.swift */ = {isa = PBXFileReference; lastKnownFileType = sourcecode.swift; path = ListPresenter.swift; sourceTree = "<group>"; };
		EF4D1C7324EA74A10029B102 /* ListWorker.swift */ = {isa = PBXFileReference; lastKnownFileType = sourcecode.swift; path = ListWorker.swift; sourceTree = "<group>"; };
		EF4D1C7424EA74A10029B102 /* ListRouter.swift */ = {isa = PBXFileReference; lastKnownFileType = sourcecode.swift; path = ListRouter.swift; sourceTree = "<group>"; };
		EF4D1C7524EA74A10029B102 /* ListModels.swift */ = {isa = PBXFileReference; lastKnownFileType = sourcecode.swift; path = ListModels.swift; sourceTree = "<group>"; };
		EF4D1C7624EA74A10029B102 /* ListViewController.swift */ = {isa = PBXFileReference; lastKnownFileType = sourcecode.swift; path = ListViewController.swift; sourceTree = "<group>"; };
		EF4D1C7724EA74A10029B102 /* ListInteractor.swift */ = {isa = PBXFileReference; lastKnownFileType = sourcecode.swift; path = ListInteractor.swift; sourceTree = "<group>"; };
		EF4D1C8024EA74C20029B102 /* DetailPresenter.swift */ = {isa = PBXFileReference; lastKnownFileType = sourcecode.swift; path = DetailPresenter.swift; sourceTree = "<group>"; };
		EF4D1C8224EA74C20029B102 /* DetailRouter.swift */ = {isa = PBXFileReference; lastKnownFileType = sourcecode.swift; path = DetailRouter.swift; sourceTree = "<group>"; };
		EF4D1C8324EA74C20029B102 /* DetailModels.swift */ = {isa = PBXFileReference; lastKnownFileType = sourcecode.swift; path = DetailModels.swift; sourceTree = "<group>"; };
		EF4D1C8424EA74C20029B102 /* DetailViewController.swift */ = {isa = PBXFileReference; lastKnownFileType = sourcecode.swift; path = DetailViewController.swift; sourceTree = "<group>"; };
		EF4D1C8524EA74C20029B102 /* DetailInteractor.swift */ = {isa = PBXFileReference; lastKnownFileType = sourcecode.swift; path = DetailInteractor.swift; sourceTree = "<group>"; };
		EF4D1C8D24EA761E0029B102 /* MainViewController.swift */ = {isa = PBXFileReference; fileEncoding = 4; lastKnownFileType = sourcecode.swift; path = MainViewController.swift; sourceTree = "<group>"; };
		EF4D1C9424EA79650029B102 /* ListTableViewCell.swift */ = {isa = PBXFileReference; fileEncoding = 4; lastKnownFileType = sourcecode.swift; path = ListTableViewCell.swift; sourceTree = "<group>"; };
		EF4D1C9624EA79B70029B102 /* CityModel.swift */ = {isa = PBXFileReference; lastKnownFileType = sourcecode.swift; path = CityModel.swift; sourceTree = "<group>"; };
		EF4D1C9924EA81130029B102 /* UITableView.swift */ = {isa = PBXFileReference; fileEncoding = 4; lastKnownFileType = sourcecode.swift; path = UITableView.swift; sourceTree = "<group>"; };
		EF4D1C9D24EA81520029B102 /* Reusable.swift */ = {isa = PBXFileReference; fileEncoding = 4; lastKnownFileType = sourcecode.swift; path = Reusable.swift; sourceTree = "<group>"; };
		EF4D1C9F24EA81D30029B102 /* UIView.swift */ = {isa = PBXFileReference; fileEncoding = 4; lastKnownFileType = sourcecode.swift; path = UIView.swift; sourceTree = "<group>"; };
		EF52A7BC24EB2A7200D331E6 /* CoreDataWorker.swift */ = {isa = PBXFileReference; lastKnownFileType = sourcecode.swift; path = CoreDataWorker.swift; sourceTree = "<group>"; };
		EF52A7BE24EB2D5100D331E6 /* JSONExtension.swift */ = {isa = PBXFileReference; lastKnownFileType = sourcecode.swift; path = JSONExtension.swift; sourceTree = "<group>"; };
/* End PBXFileReference section */

/* Begin PBXFrameworksBuildPhase section */
		EF4D1C5124EA71800029B102 /* Frameworks */ = {
			isa = PBXFrameworksBuildPhase;
			buildActionMask = 2147483647;
			files = (
				161DD8C9C0291F8EBA0BACBE /* Pods_Test.framework in Frameworks */,
			);
			runOnlyForDeploymentPostprocessing = 0;
		};
/* End PBXFrameworksBuildPhase section */

/* Begin PBXGroup section */
		2A68E4C92FD7D6CF64EDEE84 /* Frameworks */ = {
			isa = PBXGroup;
			children = (
				74F4C860A4377544DC15FD94 /* Pods_Test.framework */,
			);
			name = Frameworks;
			sourceTree = "<group>";
		};
		EDC670C9592812E9386B81F7 /* Pods */ = {
			isa = PBXGroup;
			children = (
				3374AE093CA82FEDEDB5A130 /* Pods-Test.debug.xcconfig */,
				20DB6E916DBE16B8D4F904AF /* Pods-Test.release.xcconfig */,
			);
			path = Pods;
			sourceTree = "<group>";
		};
		EF4D1C4B24EA71800029B102 = {
			isa = PBXGroup;
			children = (
				EF4D1C5624EA71800029B102 /* Test */,
				EF4D1C5524EA71800029B102 /* Products */,
				EDC670C9592812E9386B81F7 /* Pods */,
				2A68E4C92FD7D6CF64EDEE84 /* Frameworks */,
			);
			sourceTree = "<group>";
		};
		EF4D1C5524EA71800029B102 /* Products */ = {
			isa = PBXGroup;
			children = (
				EF4D1C5424EA71800029B102 /* Test.app */,
			);
			name = Products;
			sourceTree = "<group>";
		};
		EF4D1C5624EA71800029B102 /* Test */ = {
			isa = PBXGroup;
			children = (
				EF4D1C9824EA80410029B102 /* Extensions */,
				EF4D1C6824EA71850029B102 /* Info.plist */,
				EF4D1C6E24EA72670029B102 /* BaseFiles */,
				EF4D1C5D24EA71800029B102 /* Main.storyboard */,
				EF4D1C9024EA77C50029B102 /* Models */,
				EF4D1C7124EA74050029B102 /* Resources */,
				EF4D1C7E24EA74A50029B102 /* Scenes */,
				EF4D1C9124EA77CA0029B102 /* Worker */,
			);
			path = Test;
			sourceTree = "<group>";
		};
		EF4D1C6E24EA72670029B102 /* BaseFiles */ = {
			isa = PBXGroup;
			children = (
				EF4D1C5724EA71800029B102 /* AppDelegate.swift */,
				EF4D1C6524EA71850029B102 /* LaunchScreen.storyboard */,
			);
			path = BaseFiles;
			sourceTree = "<group>";
		};
		EF4D1C7124EA74050029B102 /* Resources */ = {
			isa = PBXGroup;
			children = (
				EF4D1C6324EA71850029B102 /* Assets.xcassets */,
				EF4D1C6F24EA72B20029B102 /* cities.json */,
				EF4D1C6024EA71800029B102 /* Test.xcdatamodeld */,
			);
			path = Resources;
			sourceTree = "<group>";
		};
		EF4D1C7E24EA74A50029B102 /* Scenes */ = {
			isa = PBXGroup;
			children = (
				EF4D1C8F24EA76340029B102 /* Main */,
				EF4D1C7F24EA74AF0029B102 /* List */,
				EF4D1C8C24EA74C50029B102 /* Detail */,
			);
			path = Scenes;
			sourceTree = "<group>";
		};
		EF4D1C7F24EA74AF0029B102 /* List */ = {
			isa = PBXGroup;
			children = (
				EF4D1C7224EA74A10029B102 /* ListPresenter.swift */,
				EF4D1C7324EA74A10029B102 /* ListWorker.swift */,
				EF4D1C7424EA74A10029B102 /* ListRouter.swift */,
				EF4D1C7524EA74A10029B102 /* ListModels.swift */,
				EF4D1C7624EA74A10029B102 /* ListViewController.swift */,
				EF4D1C9424EA79650029B102 /* ListTableViewCell.swift */,
				EF4D1C7724EA74A10029B102 /* ListInteractor.swift */,
			);
			path = List;
			sourceTree = "<group>";
		};
		EF4D1C8C24EA74C50029B102 /* Detail */ = {
			isa = PBXGroup;
			children = (
				EF4D1C8024EA74C20029B102 /* DetailPresenter.swift */,
				EF4D1C8224EA74C20029B102 /* DetailRouter.swift */,
				EF4D1C8324EA74C20029B102 /* DetailModels.swift */,
				EF4D1C8424EA74C20029B102 /* DetailViewController.swift */,
				EF4D1C8524EA74C20029B102 /* DetailInteractor.swift */,
			);
			path = Detail;
			sourceTree = "<group>";
		};
		EF4D1C8F24EA76340029B102 /* Main */ = {
			isa = PBXGroup;
			children = (
				EF4D1C8D24EA761E0029B102 /* MainViewController.swift */,
			);
			path = Main;
			sourceTree = "<group>";
		};
		EF4D1C9024EA77C50029B102 /* Models */ = {
			isa = PBXGroup;
			children = (
				EF4D1C9624EA79B70029B102 /* CityModel.swift */,
			);
			path = Models;
			sourceTree = "<group>";
		};
		EF4D1C9124EA77CA0029B102 /* Worker */ = {
			isa = PBXGroup;
			children = (
				EF52A7BC24EB2A7200D331E6 /* CoreDataWorker.swift */,
			);
			path = Worker;
			sourceTree = "<group>";
		};
		EF4D1C9824EA80410029B102 /* Extensions */ = {
			isa = PBXGroup;
			children = (
				EF4D1C9F24EA81D30029B102 /* UIView.swift */,
				EF4D1C9924EA81130029B102 /* UITableView.swift */,
				EF4D1C9D24EA81520029B102 /* Reusable.swift */,
				EF52A7BE24EB2D5100D331E6 /* JSONExtension.swift */,
			);
			path = Extensions;
			sourceTree = "<group>";
		};
/* End PBXGroup section */

/* Begin PBXNativeTarget section */
		EF4D1C5324EA71800029B102 /* Test */ = {
			isa = PBXNativeTarget;
			buildConfigurationList = EF4D1C6B24EA71850029B102 /* Build configuration list for PBXNativeTarget "Test" */;
			buildPhases = (
				3D8E5925CFDAF4FB2024CBF8 /* [CP] Check Pods Manifest.lock */,
				EF4D1C5024EA71800029B102 /* Sources */,
				EF4D1C5124EA71800029B102 /* Frameworks */,
				EF4D1C5224EA71800029B102 /* Resources */,
				FC832669DDA0D9F066F17613 /* [CP] Embed Pods Frameworks */,
			);
			buildRules = (
			);
			dependencies = (
			);
			name = Test;
			productName = Test;
			productReference = EF4D1C5424EA71800029B102 /* Test.app */;
			productType = "com.apple.product-type.application";
		};
/* End PBXNativeTarget section */

/* Begin PBXProject section */
		EF4D1C4C24EA71800029B102 /* Project object */ = {
			isa = PBXProject;
			attributes = {
				LastSwiftUpdateCheck = 1160;
				LastUpgradeCheck = 1160;
				ORGANIZATIONNAME = "Tana Chaijamorn";
				TargetAttributes = {
					EF4D1C5324EA71800029B102 = {
						CreatedOnToolsVersion = 11.6;
					};
				};
			};
			buildConfigurationList = EF4D1C4F24EA71800029B102 /* Build configuration list for PBXProject "Test" */;
			compatibilityVersion = "Xcode 9.3";
			developmentRegion = en;
			hasScannedForEncodings = 0;
			knownRegions = (
				en,
				Base,
			);
			mainGroup = EF4D1C4B24EA71800029B102;
			productRefGroup = EF4D1C5524EA71800029B102 /* Products */;
			projectDirPath = "";
			projectRoot = "";
			targets = (
				EF4D1C5324EA71800029B102 /* Test */,
			);
		};
/* End PBXProject section */

/* Begin PBXResourcesBuildPhase section */
		EF4D1C5224EA71800029B102 /* Resources */ = {
			isa = PBXResourcesBuildPhase;
			buildActionMask = 2147483647;
			files = (
				EF4D1C7024EA72B20029B102 /* cities.json in Resources */,
				EF4D1C6724EA71850029B102 /* LaunchScreen.storyboard in Resources */,
				EF4D1C6424EA71850029B102 /* Assets.xcassets in Resources */,
				EF4D1C5F24EA71800029B102 /* Main.storyboard in Resources */,
			);
			runOnlyForDeploymentPostprocessing = 0;
		};
/* End PBXResourcesBuildPhase section */

/* Begin PBXShellScriptBuildPhase section */
		3D8E5925CFDAF4FB2024CBF8 /* [CP] Check Pods Manifest.lock */ = {
			isa = PBXShellScriptBuildPhase;
			buildActionMask = 2147483647;
			files = (
			);
			inputFileListPaths = (
			);
			inputPaths = (
				"${PODS_PODFILE_DIR_PATH}/Podfile.lock",
				"${PODS_ROOT}/Manifest.lock",
			);
			name = "[CP] Check Pods Manifest.lock";
			outputFileListPaths = (
			);
			outputPaths = (
				"$(DERIVED_FILE_DIR)/Pods-Test-checkManifestLockResult.txt",
			);
			runOnlyForDeploymentPostprocessing = 0;
			shellPath = /bin/sh;
			shellScript = "diff \"${PODS_PODFILE_DIR_PATH}/Podfile.lock\" \"${PODS_ROOT}/Manifest.lock\" > /dev/null\nif [ $? != 0 ] ; then\n    # print error to STDERR\n    echo \"error: The sandbox is not in sync with the Podfile.lock. Run 'pod install' or update your CocoaPods installation.\" >&2\n    exit 1\nfi\n# This output is used by Xcode 'outputs' to avoid re-running this script phase.\necho \"SUCCESS\" > \"${SCRIPT_OUTPUT_FILE_0}\"\n";
			showEnvVarsInLog = 0;
		};
		FC832669DDA0D9F066F17613 /* [CP] Embed Pods Frameworks */ = {
			isa = PBXShellScriptBuildPhase;
			buildActionMask = 2147483647;
			files = (
			);
			inputFileListPaths = (
				"${PODS_ROOT}/Target Support Files/Pods-Test/Pods-Test-frameworks-${CONFIGURATION}-input-files.xcfilelist",
			);
			name = "[CP] Embed Pods Frameworks";
			outputFileListPaths = (
				"${PODS_ROOT}/Target Support Files/Pods-Test/Pods-Test-frameworks-${CONFIGURATION}-output-files.xcfilelist",
			);
			runOnlyForDeploymentPostprocessing = 0;
			shellPath = /bin/sh;
			shellScript = "\"${PODS_ROOT}/Target Support Files/Pods-Test/Pods-Test-frameworks.sh\"\n";
			showEnvVarsInLog = 0;
		};
/* End PBXShellScriptBuildPhase section */

/* Begin PBXSourcesBuildPhase section */
		EF4D1C5024EA71800029B102 /* Sources */ = {
			isa = PBXSourcesBuildPhase;
			buildActionMask = 2147483647;
			files = (
				EF52A7BD24EB2A7200D331E6 /* CoreDataWorker.swift in Sources */,
				EF4D1CA024EA81D30029B102 /* UIView.swift in Sources */,
				EF4D1C8A24EA74C20029B102 /* DetailViewController.swift in Sources */,
				EF4D1C9724EA79B70029B102 /* CityModel.swift in Sources */,
				EF4D1C9524EA79650029B102 /* ListTableViewCell.swift in Sources */,
				EF4D1C6224EA71800029B102 /* Test.xcdatamodeld in Sources */,
				EF4D1C8824EA74C20029B102 /* DetailRouter.swift in Sources */,
				EF52A7BF24EB2D5100D331E6 /* JSONExtension.swift in Sources */,
				EF4D1C9B24EA81140029B102 /* UITableView.swift in Sources */,
				EF4D1C7924EA74A10029B102 /* ListWorker.swift in Sources */,
				EF4D1C8624EA74C20029B102 /* DetailPresenter.swift in Sources */,
				EF4D1C7824EA74A10029B102 /* ListPresenter.swift in Sources */,
				EF4D1C7B24EA74A10029B102 /* ListModels.swift in Sources */,
				EF4D1C7A24EA74A10029B102 /* ListRouter.swift in Sources */,
				EF4D1C8E24EA761E0029B102 /* MainViewController.swift in Sources */,
				EF4D1C8924EA74C20029B102 /* DetailModels.swift in Sources */,
				EF4D1C5824EA71800029B102 /* AppDelegate.swift in Sources */,
				EF4D1C8B24EA74C20029B102 /* DetailInteractor.swift in Sources */,
				EF4D1C9E24EA81520029B102 /* Reusable.swift in Sources */,
				EF4D1C7D24EA74A10029B102 /* ListInteractor.swift in Sources */,
				EF4D1C7C24EA74A10029B102 /* ListViewController.swift in Sources */,
			);
			runOnlyForDeploymentPostprocessing = 0;
		};
/* End PBXSourcesBuildPhase section */

/* Begin PBXVariantGroup section */
		EF4D1C5D24EA71800029B102 /* Main.storyboard */ = {
			isa = PBXVariantGroup;
			children = (
				EF4D1C5E24EA71800029B102 /* Base */,
			);
			name = Main.storyboard;
			sourceTree = "<group>";
		};
		EF4D1C6524EA71850029B102 /* LaunchScreen.storyboard */ = {
			isa = PBXVariantGroup;
			children = (
				EF4D1C6624EA71850029B102 /* Base */,
			);
			name = LaunchScreen.storyboard;
			sourceTree = "<group>";
		};
/* End PBXVariantGroup section */

/* Begin XCBuildConfiguration section */
		EF4D1C6924EA71850029B102 /* Debug */ = {
			isa = XCBuildConfiguration;
			buildSettings = {
				ALWAYS_SEARCH_USER_PATHS = NO;
				CLANG_ANALYZER_NONNULL = YES;
				CLANG_ANALYZER_NUMBER_OBJECT_CONVERSION = YES_AGGRESSIVE;
				CLANG_CXX_LANGUAGE_STANDARD = "gnu++14";
				CLANG_CXX_LIBRARY = "libc++";
				CLANG_ENABLE_MODULES = YES;
				CLANG_ENABLE_OBJC_ARC = YES;
				CLANG_ENABLE_OBJC_WEAK = YES;
				CLANG_WARN_BLOCK_CAPTURE_AUTORELEASING = YES;
				CLANG_WARN_BOOL_CONVERSION = YES;
				CLANG_WARN_COMMA = YES;
				CLANG_WARN_CONSTANT_CONVERSION = YES;
				CLANG_WARN_DEPRECATED_OBJC_IMPLEMENTATIONS = YES;
				CLANG_WARN_DIRECT_OBJC_ISA_USAGE = YES_ERROR;
				CLANG_WARN_DOCUMENTATION_COMMENTS = YES;
				CLANG_WARN_EMPTY_BODY = YES;
				CLANG_WARN_ENUM_CONVERSION = YES;
				CLANG_WARN_INFINITE_RECURSION = YES;
				CLANG_WARN_INT_CONVERSION = YES;
				CLANG_WARN_NON_LITERAL_NULL_CONVERSION = YES;
				CLANG_WARN_OBJC_IMPLICIT_RETAIN_SELF = YES;
				CLANG_WARN_OBJC_LITERAL_CONVERSION = YES;
				CLANG_WARN_OBJC_ROOT_CLASS = YES_ERROR;
				CLANG_WARN_RANGE_LOOP_ANALYSIS = YES;
				CLANG_WARN_STRICT_PROTOTYPES = YES;
				CLANG_WARN_SUSPICIOUS_MOVE = YES;
				CLANG_WARN_UNGUARDED_AVAILABILITY = YES_AGGRESSIVE;
				CLANG_WARN_UNREACHABLE_CODE = YES;
				CLANG_WARN__DUPLICATE_METHOD_MATCH = YES;
				COPY_PHASE_STRIP = NO;
				DEBUG_INFORMATION_FORMAT = dwarf;
				ENABLE_STRICT_OBJC_MSGSEND = YES;
				ENABLE_TESTABILITY = YES;
				GCC_C_LANGUAGE_STANDARD = gnu11;
				GCC_DYNAMIC_NO_PIC = NO;
				GCC_NO_COMMON_BLOCKS = YES;
				GCC_OPTIMIZATION_LEVEL = 0;
				GCC_PREPROCESSOR_DEFINITIONS = (
					"DEBUG=1",
					"$(inherited)",
				);
				GCC_WARN_64_TO_32_BIT_CONVERSION = YES;
				GCC_WARN_ABOUT_RETURN_TYPE = YES_ERROR;
				GCC_WARN_UNDECLARED_SELECTOR = YES;
				GCC_WARN_UNINITIALIZED_AUTOS = YES_AGGRESSIVE;
				GCC_WARN_UNUSED_FUNCTION = YES;
				GCC_WARN_UNUSED_VARIABLE = YES;
				IPHONEOS_DEPLOYMENT_TARGET = 10.0;
				MTL_ENABLE_DEBUG_INFO = INCLUDE_SOURCE;
				MTL_FAST_MATH = YES;
				ONLY_ACTIVE_ARCH = YES;
				SDKROOT = iphoneos;
				SWIFT_ACTIVE_COMPILATION_CONDITIONS = DEBUG;
				SWIFT_OPTIMIZATION_LEVEL = "-Onone";
			};
			name = Debug;
		};
		EF4D1C6A24EA71850029B102 /* Release */ = {
			isa = XCBuildConfiguration;
			buildSettings = {
				ALWAYS_SEARCH_USER_PATHS = NO;
				CLANG_ANALYZER_NONNULL = YES;
				CLANG_ANALYZER_NUMBER_OBJECT_CONVERSION = YES_AGGRESSIVE;
				CLANG_CXX_LANGUAGE_STANDARD = "gnu++14";
				CLANG_CXX_LIBRARY = "libc++";
				CLANG_ENABLE_MODULES = YES;
				CLANG_ENABLE_OBJC_ARC = YES;
				CLANG_ENABLE_OBJC_WEAK = YES;
				CLANG_WARN_BLOCK_CAPTURE_AUTORELEASING = YES;
				CLANG_WARN_BOOL_CONVERSION = YES;
				CLANG_WARN_COMMA = YES;
				CLANG_WARN_CONSTANT_CONVERSION = YES;
				CLANG_WARN_DEPRECATED_OBJC_IMPLEMENTATIONS = YES;
				CLANG_WARN_DIRECT_OBJC_ISA_USAGE = YES_ERROR;
				CLANG_WARN_DOCUMENTATION_COMMENTS = YES;
				CLANG_WARN_EMPTY_BODY = YES;
				CLANG_WARN_ENUM_CONVERSION = YES;
				CLANG_WARN_INFINITE_RECURSION = YES;
				CLANG_WARN_INT_CONVERSION = YES;
				CLANG_WARN_NON_LITERAL_NULL_CONVERSION = YES;
				CLANG_WARN_OBJC_IMPLICIT_RETAIN_SELF = YES;
				CLANG_WARN_OBJC_LITERAL_CONVERSION = YES;
				CLANG_WARN_OBJC_ROOT_CLASS = YES_ERROR;
				CLANG_WARN_RANGE_LOOP_ANALYSIS = YES;
				CLANG_WARN_STRICT_PROTOTYPES = YES;
				CLANG_WARN_SUSPICIOUS_MOVE = YES;
				CLANG_WARN_UNGUARDED_AVAILABILITY = YES_AGGRESSIVE;
				CLANG_WARN_UNREACHABLE_CODE = YES;
				CLANG_WARN__DUPLICATE_METHOD_MATCH = YES;
				COPY_PHASE_STRIP = NO;
				DEBUG_INFORMATION_FORMAT = "dwarf-with-dsym";
				ENABLE_NS_ASSERTIONS = NO;
				ENABLE_STRICT_OBJC_MSGSEND = YES;
				GCC_C_LANGUAGE_STANDARD = gnu11;
				GCC_NO_COMMON_BLOCKS = YES;
				GCC_WARN_64_TO_32_BIT_CONVERSION = YES;
				GCC_WARN_ABOUT_RETURN_TYPE = YES_ERROR;
				GCC_WARN_UNDECLARED_SELECTOR = YES;
				GCC_WARN_UNINITIALIZED_AUTOS = YES_AGGRESSIVE;
				GCC_WARN_UNUSED_FUNCTION = YES;
				GCC_WARN_UNUSED_VARIABLE = YES;
				IPHONEOS_DEPLOYMENT_TARGET = 10.0;
				MTL_ENABLE_DEBUG_INFO = NO;
				MTL_FAST_MATH = YES;
				SDKROOT = iphoneos;
				SWIFT_COMPILATION_MODE = wholemodule;
				SWIFT_OPTIMIZATION_LEVEL = "-O";
				VALIDATE_PRODUCT = YES;
			};
			name = Release;
		};
		EF4D1C6C24EA71850029B102 /* Debug */ = {
			isa = XCBuildConfiguration;
			baseConfigurationReference = 3374AE093CA82FEDEDB5A130 /* Pods-Test.debug.xcconfig */;
			buildSettings = {
				ASSETCATALOG_COMPILER_APPICON_NAME = AppIcon;
				CODE_SIGN_STYLE = Automatic;
				INFOPLIST_FILE = Test/Info.plist;
				IPHONEOS_DEPLOYMENT_TARGET = 10.0;
				LD_RUNPATH_SEARCH_PATHS = (
					"$(inherited)",
					"@executable_path/Frameworks",
				);
				PRODUCT_BUNDLE_IDENTIFIER = com.valentie.Test;
				PRODUCT_NAME = "$(TARGET_NAME)";
				SWIFT_VERSION = 5.0;
				TARGETED_DEVICE_FAMILY = "1,2";
			};
			name = Debug;
		};
		EF4D1C6D24EA71850029B102 /* Release */ = {
			isa = XCBuildConfiguration;
			baseConfigurationReference = 20DB6E916DBE16B8D4F904AF /* Pods-Test.release.xcconfig */;
			buildSettings = {
				ASSETCATALOG_COMPILER_APPICON_NAME = AppIcon;
				CODE_SIGN_STYLE = Automatic;
				INFOPLIST_FILE = Test/Info.plist;
				IPHONEOS_DEPLOYMENT_TARGET = 10.0;
				LD_RUNPATH_SEARCH_PATHS = (
					"$(inherited)",
					"@executable_path/Frameworks",
				);
				PRODUCT_BUNDLE_IDENTIFIER = com.valentie.Test;
				PRODUCT_NAME = "$(TARGET_NAME)";
				SWIFT_VERSION = 5.0;
				TARGETED_DEVICE_FAMILY = "1,2";
			};
			name = Release;
		};
/* End XCBuildConfiguration section */

/* Begin XCConfigurationList section */
		EF4D1C4F24EA71800029B102 /* Build configuration list for PBXProject "Test" */ = {
			isa = XCConfigurationList;
			buildConfigurations = (
				EF4D1C6924EA71850029B102 /* Debug */,
				EF4D1C6A24EA71850029B102 /* Release */,
			);
			defaultConfigurationIsVisible = 0;
			defaultConfigurationName = Release;
		};
		EF4D1C6B24EA71850029B102 /* Build configuration list for PBXNativeTarget "Test" */ = {
			isa = XCConfigurationList;
			buildConfigurations = (
				EF4D1C6C24EA71850029B102 /* Debug */,
				EF4D1C6D24EA71850029B102 /* Release */,
			);
			defaultConfigurationIsVisible = 0;
			defaultConfigurationName = Release;
		};
/* End XCConfigurationList section */

/* Begin XCVersionGroup section */
		EF4D1C6024EA71800029B102 /* Test.xcdatamodeld */ = {
			isa = XCVersionGroup;
			children = (
				EF4D1C6124EA71800029B102 /* Test.xcdatamodel */,
			);
			currentVersion = EF4D1C6124EA71800029B102 /* Test.xcdatamodel */;
			path = Test.xcdatamodeld;
			sourceTree = "<group>";
			versionGroupType = wrapper.xcdatamodel;
		};
/* End XCVersionGroup section */
	};
	rootObject = EF4D1C4C24EA71800029B102 /* Project object */;
}
